
Microsoft Visual Studio Solution File, Format Version 12.00
# Visual Studio Version 16
VisualStudioVersion = 16.0.30804.86
MinimumVisualStudioVersion = 10.0.40219.1
Project("{FAE04EC0-301F-11D3-BF4B-00C04F79EFBC}") = "GestionMaintenance", "GestionMaintenance\GestionMaintenance.csproj", "{3B1DC404-415A-44BA-9129-D9A7C0164377}"
EndProject
Global
	GlobalSection(SolutionConfigurationPlatforms) = preSolution
		Debug|Any CPU = Debug|Any CPU
		Release|Any CPU = Release|Any CPU
	EndGlobalSection
	GlobalSection(ProjectConfigurationPlatforms) = postSolution
		{3B1DC404-415A-44BA-9129-D9A7C0164377}.Debug|Any CPU.ActiveCfg = Debug|Any CPU
		{3B1DC404-415A-44BA-9129-D9A7C0164377}.Debug|Any CPU.Build.0 = Debug|Any CPU
		{3B1DC404-415A-44BA-9129-D9A7C0164377}.Release|Any CPU.ActiveCfg = Release|Any CPU
		{3B1DC404-415A-44BA-9129-D9A7C0164377}.Release|Any CPU.Build.0 = Release|Any CPU
	EndGlobalSection
	GlobalSection(SolutionProperties) = preSolution
		HideSolutionNode = FALSE
	EndGlobalSection
	GlobalSection(ExtensibilityGlobals) = postSolution
		SolutionGuid = {B69B02BC-3713-4256-9714-7132D2FE00D2}
	EndGlobalSection
EndGlobal
